
Microsoft Visual Studio Solution File, Format Version 12.00
# Visual Studio 15
VisualStudioVersion = 15.0.26730.12
MinimumVisualStudioVersion = 10.0.40219.1
Project("{FAE04EC0-301F-11D3-BF4B-00C04F79EFBC}") = "Moon", "Moon\Moon.csproj", "{3B6BE782-E89C-4F5B-9B8B-ED9F4048E211}"
EndProject
Global
	GlobalSection(SolutionConfigurationPlatforms) = preSolution
		Debug|Any CPU = Debug|Any CPU
		Release|Any CPU = Release|Any CPU
	EndGlobalSection
	GlobalSection(ProjectConfigurationPlatforms) = postSolution
		{3B6BE782-E89C-4F5B-9B8B-ED9F4048E211}.Debug|Any CPU.ActiveCfg = Debug|Any CPU
		{3B6BE782-E89C-4F5B-9B8B-ED9F4048E211}.Debug|Any CPU.Build.0 = Debug|Any CPU
		{3B6BE782-E89C-4F5B-9B8B-ED9F4048E211}.Release|Any CPU.ActiveCfg = Release|Any CPU
		{3B6BE782-E89C-4F5B-9B8B-ED9F4048E211}.Release|Any CPU.Build.0 = Release|Any CPU
	EndGlobalSection
	GlobalSection(SolutionProperties) = preSolution
		HideSolutionNode = FALSE
	EndGlobalSection
	GlobalSection(ExtensibilityGlobals) = postSolution
		SolutionGuid = {4247020D-D2F1-4DA8-85DD-1BBD814A7009}
	EndGlobalSection
EndGlobal
